
Microsoft Visual Studio Solution File, Format Version 12.00
# Visual Studio Version 16
VisualStudioVersion = 16.0.30907.101
MinimumVisualStudioVersion = 10.0.40219.1
Project("{FAE04EC0-301F-11D3-BF4B-00C04F79EFBC}") = "FinanceManagement", "FinanceManagement\FinanceManagement.csproj", "{8F4090EE-9007-4C02-840B-68EC87E6F520}"
EndProject
Global
	GlobalSection(SolutionConfigurationPlatforms) = preSolution
		Debug|Any CPU = Debug|Any CPU
		Release|Any CPU = Release|Any CPU
	EndGlobalSection
	GlobalSection(ProjectConfigurationPlatforms) = postSolution
		{8F4090EE-9007-4C02-840B-68EC87E6F520}.Debug|Any CPU.ActiveCfg = Debug|Any CPU
		{8F4090EE-9007-4C02-840B-68EC87E6F520}.Debug|Any CPU.Build.0 = Debug|Any CPU
		{8F4090EE-9007-4C02-840B-68EC87E6F520}.Release|Any CPU.ActiveCfg = Release|Any CPU
		{8F4090EE-9007-4C02-840B-68EC87E6F520}.Release|Any CPU.Build.0 = Release|Any CPU
	EndGlobalSection
	GlobalSection(SolutionProperties) = preSolution
		HideSolutionNode = FALSE
	EndGlobalSection
	GlobalSection(ExtensibilityGlobals) = postSolution
		SolutionGuid = {7FE29CF5-8CD3-4D30-B741-B3908DF2344C}
	EndGlobalSection
EndGlobal
